
Microsoft Visual Studio Solution File, Format Version 12.00
# Visual Studio 15
VisualStudioVersion = 15.0.28307.902
MinimumVisualStudioVersion = 10.0.40219.1
Project("{8BC9CEB8-8B4A-11D0-8D11-00A0C91BC942}") = "Графы", "Графы\Графы.vcxproj", "{B0312935-4B38-4141-BF27-1B5C40158504}"
EndProject
Global
	GlobalSection(SolutionConfigurationPlatforms) = preSolution
		Debug|x64 = Debug|x64
		Debug|x86 = Debug|x86
		Release|x64 = Release|x64
		Release|x86 = Release|x86
	EndGlobalSection
	GlobalSection(ProjectConfigurationPlatforms) = postSolution
		{B0312935-4B38-4141-BF27-1B5C40158504}.Debug|x64.ActiveCfg = Debug|x64
		{B0312935-4B38-4141-BF27-1B5C40158504}.Debug|x64.Build.0 = Debug|x64
		{B0312935-4B38-4141-BF27-1B5C40158504}.Debug|x86.ActiveCfg = Debug|Win32
		{B0312935-4B38-4141-BF27-1B5C40158504}.Debug|x86.Build.0 = Debug|Win32
		{B0312935-4B38-4141-BF27-1B5C40158504}.Release|x64.ActiveCfg = Release|x64
		{B0312935-4B38-4141-BF27-1B5C40158504}.Release|x64.Build.0 = Release|x64
		{B0312935-4B38-4141-BF27-1B5C40158504}.Release|x86.ActiveCfg = Release|Win32
		{B0312935-4B38-4141-BF27-1B5C40158504}.Release|x86.Build.0 = Release|Win32
	EndGlobalSection
	GlobalSection(SolutionProperties) = preSolution
		HideSolutionNode = FALSE
	EndGlobalSection
	GlobalSection(ExtensibilityGlobals) = postSolution
		SolutionGuid = {AF89B7A9-EB62-4D55-9C7B-E7F8FB64F72D}
	EndGlobalSection
EndGlobal
